
Microsoft Visual Studio Solution File, Format Version 12.00
# Visual Studio Version 17
VisualStudioVersion = 17.2.32519.379
MinimumVisualStudioVersion = 10.0.40219.1
Project("{FAE04EC0-301F-11D3-BF4B-00C04F79EFBC}") = "BVS", "BVS\BVS.csproj", "{63A3A6A3-648F-4370-898E-DE55203F3DA2}"
EndProject
Global
	GlobalSection(SolutionConfigurationPlatforms) = preSolution
		Debug|Any CPU = Debug|Any CPU
		Release|Any CPU = Release|Any CPU
	EndGlobalSection
	GlobalSection(ProjectConfigurationPlatforms) = postSolution
		{63A3A6A3-648F-4370-898E-DE55203F3DA2}.Debug|Any CPU.ActiveCfg = Debug|Any CPU
		{63A3A6A3-648F-4370-898E-DE55203F3DA2}.Debug|Any CPU.Build.0 = Debug|Any CPU
		{63A3A6A3-648F-4370-898E-DE55203F3DA2}.Release|Any CPU.ActiveCfg = Release|Any CPU
		{63A3A6A3-648F-4370-898E-DE55203F3DA2}.Release|Any CPU.Build.0 = Release|Any CPU
	EndGlobalSection
	GlobalSection(SolutionProperties) = preSolution
		HideSolutionNode = FALSE
	EndGlobalSection
	GlobalSection(ExtensibilityGlobals) = postSolution
		SolutionGuid = {888C2DF1-F9A9-4655-8933-C04C3B4E2E3C}
	EndGlobalSection
EndGlobal
